// !$*UTF8*$!
{
	archiveVersion = 1;
	classes = {
	};
	objectVersion = 50;
	objects = {

/* Begin PBXBuildFile section */
		4F4DD460232E9B7F002F8968 /* AppDelegate.swift in Sources */ = {isa = PBXBuildFile; fileRef = 4F4DD45F232E9B7F002F8968 /* AppDelegate.swift */; };
		4F4DD462232E9B7F002F8968 /* ViewController.swift in Sources */ = {isa = PBXBuildFile; fileRef = 4F4DD461232E9B7F002F8968 /* ViewController.swift */; };
		4F4DD464232E9B80002F8968 /* Assets.xcassets in Resources */ = {isa = PBXBuildFile; fileRef = 4F4DD463232E9B80002F8968 /* Assets.xcassets */; };
		4F4DD467232E9B80002F8968 /* Main.storyboard in Resources */ = {isa = PBXBuildFile; fileRef = 4F4DD465232E9B80002F8968 /* Main.storyboard */; };
		4F4DD472232EDF94002F8968 /* find_projects.command in Resources */ = {isa = PBXBuildFile; fileRef = 4F4DD471232EDF2B002F8968 /* find_projects.command */; };
		4F4DD474232EE744002F8968 /* pod_install.command in Resources */ = {isa = PBXBuildFile; fileRef = 4F4DD473232EE744002F8968 /* pod_install.command */; };
		4F4DD478232F02E6002F8968 /* README.md in Resources */ = {isa = PBXBuildFile; fileRef = 4F4DD477232F02E6002F8968 /* README.md */; };
		4F4DD47A232F6650002F8968 /* Shell.swift in Sources */ = {isa = PBXBuildFile; fileRef = 4F4DD479232F6650002F8968 /* Shell.swift */; };
		4F4DD47C232F72A1002F8968 /* MenuBuilder.swift in Sources */ = {isa = PBXBuildFile; fileRef = 4F4DD47B232F72A1002F8968 /* MenuBuilder.swift */; };
		4F4DD47E232F7308002F8968 /* Logger.swift in Sources */ = {isa = PBXBuildFile; fileRef = 4F4DD47D232F7308002F8968 /* Logger.swift */; };
		4F4DD480232F7445002F8968 /* ActionPerformer.swift in Sources */ = {isa = PBXBuildFile; fileRef = 4F4DD47F232F7445002F8968 /* ActionPerformer.swift */; };
		4F4DD482232F76C0002F8968 /* delete_derived_data.command in Resources */ = {isa = PBXBuildFile; fileRef = 4F4DD481232F76C0002F8968 /* delete_derived_data.command */; };
		4F866099232FEABB004F5955 /* delete_pods_folder.command in Resources */ = {isa = PBXBuildFile; fileRef = 4F866098232FEABB004F5955 /* delete_pods_folder.command */; };
		4F86609B232FF542004F5955 /* Types.swift in Sources */ = {isa = PBXBuildFile; fileRef = 4F86609A232FF542004F5955 /* Types.swift */; };
		4F86609D23304472004F5955 /* CommandResultHandler.swift in Sources */ = {isa = PBXBuildFile; fileRef = 4F86609C23304472004F5955 /* CommandResultHandler.swift */; };
		4F86609F2330471F004F5955 /* pod_update.command in Resources */ = {isa = PBXBuildFile; fileRef = 4F86609E2330471F004F5955 /* pod_update.command */; };
		4F8660A12330505A004F5955 /* StatusItemManager.swift in Sources */ = {isa = PBXBuildFile; fileRef = 4F8660A02330505A004F5955 /* StatusItemManager.swift */; };
/* End PBXBuildFile section */

/* Begin PBXFileReference section */
		4F4DD45C232E9B7F002F8968 /* ModulePods.app */ = {isa = PBXFileReference; explicitFileType = wrapper.application; includeInIndex = 0; path = ModulePods.app; sourceTree = BUILT_PRODUCTS_DIR; };
		4F4DD45F232E9B7F002F8968 /* AppDelegate.swift */ = {isa = PBXFileReference; lastKnownFileType = sourcecode.swift; path = AppDelegate.swift; sourceTree = "<group>"; };
		4F4DD461232E9B7F002F8968 /* ViewController.swift */ = {isa = PBXFileReference; lastKnownFileType = sourcecode.swift; path = ViewController.swift; sourceTree = "<group>"; };
		4F4DD463232E9B80002F8968 /* Assets.xcassets */ = {isa = PBXFileReference; lastKnownFileType = folder.assetcatalog; path = Assets.xcassets; sourceTree = "<group>"; };
		4F4DD466232E9B80002F8968 /* Base */ = {isa = PBXFileReference; lastKnownFileType = file.storyboard; name = Base; path = Base.lproj/Main.storyboard; sourceTree = "<group>"; };
		4F4DD468232E9B80002F8968 /* Info.plist */ = {isa = PBXFileReference; lastKnownFileType = text.plist.xml; path = Info.plist; sourceTree = "<group>"; };
		4F4DD469232E9B80002F8968 /* ModulePods.entitlements */ = {isa = PBXFileReference; lastKnownFileType = text.plist.entitlements; path = ModulePods.entitlements; sourceTree = "<group>"; };
		4F4DD471232EDF2B002F8968 /* find_projects.command */ = {isa = PBXFileReference; lastKnownFileType = text.script.sh; path = find_projects.command; sourceTree = "<group>"; };
		4F4DD473232EE744002F8968 /* pod_install.command */ = {isa = PBXFileReference; lastKnownFileType = text.script.sh; path = pod_install.command; sourceTree = "<group>"; };
		4F4DD477232F02E6002F8968 /* README.md */ = {isa = PBXFileReference; lastKnownFileType = net.daringfireball.markdown; path = README.md; sourceTree = SOURCE_ROOT; };
		4F4DD479232F6650002F8968 /* Shell.swift */ = {isa = PBXFileReference; lastKnownFileType = sourcecode.swift; path = Shell.swift; sourceTree = "<group>"; };
		4F4DD47B232F72A1002F8968 /* MenuBuilder.swift */ = {isa = PBXFileReference; lastKnownFileType = sourcecode.swift; path = MenuBuilder.swift; sourceTree = "<group>"; };
		4F4DD47D232F7308002F8968 /* Logger.swift */ = {isa = PBXFileReference; lastKnownFileType = sourcecode.swift; path = Logger.swift; sourceTree = "<group>"; };
		4F4DD47F232F7445002F8968 /* ActionPerformer.swift */ = {isa = PBXFileReference; lastKnownFileType = sourcecode.swift; path = ActionPerformer.swift; sourceTree = "<group>"; };
		4F4DD481232F76C0002F8968 /* delete_derived_data.command */ = {isa = PBXFileReference; fileEncoding = 4; lastKnownFileType = text.script.sh; path = delete_derived_data.command; sourceTree = "<group>"; };
		4F866098232FEABB004F5955 /* delete_pods_folder.command */ = {isa = PBXFileReference; fileEncoding = 4; lastKnownFileType = text.script.sh; path = delete_pods_folder.command; sourceTree = "<group>"; };
		4F86609A232FF542004F5955 /* Types.swift */ = {isa = PBXFileReference; lastKnownFileType = sourcecode.swift; path = Types.swift; sourceTree = "<group>"; };
		4F86609C23304472004F5955 /* CommandResultHandler.swift */ = {isa = PBXFileReference; lastKnownFileType = sourcecode.swift; path = CommandResultHandler.swift; sourceTree = "<group>"; };
		4F86609E2330471F004F5955 /* pod_update.command */ = {isa = PBXFileReference; fileEncoding = 4; lastKnownFileType = text.script.sh; path = pod_update.command; sourceTree = "<group>"; };
		4F8660A02330505A004F5955 /* StatusItemManager.swift */ = {isa = PBXFileReference; fileEncoding = 4; lastKnownFileType = sourcecode.swift; path = StatusItemManager.swift; sourceTree = "<group>"; };
/* End PBXFileReference section */

/* Begin PBXFrameworksBuildPhase section */
		4F4DD459232E9B7F002F8968 /* Frameworks */ = {
			isa = PBXFrameworksBuildPhase;
			buildActionMask = 2147483647;
			files = (
			);
			runOnlyForDeploymentPostprocessing = 0;
		};
/* End PBXFrameworksBuildPhase section */

/* Begin PBXGroup section */
		4F4DD453232E9B7F002F8968 = {
			isa = PBXGroup;
			children = (
				4F4DD45E232E9B7F002F8968 /* ModulePods */,
				4F4DD45D232E9B7F002F8968 /* Products */,
			);
			sourceTree = "<group>";
		};
		4F4DD45D232E9B7F002F8968 /* Products */ = {
			isa = PBXGroup;
			children = (
				4F4DD45C232E9B7F002F8968 /* ModulePods.app */,
			);
			name = Products;
			sourceTree = "<group>";
		};
		4F4DD45E232E9B7F002F8968 /* ModulePods */ = {
			isa = PBXGroup;
			children = (
				4F4DD45F232E9B7F002F8968 /* AppDelegate.swift */,
				4F4DD461232E9B7F002F8968 /* ViewController.swift */,
				4F866097232FE91D004F5955 /* Core */,
				4F866096232FE90D004F5955 /* Scripts */,
				4F4DD463232E9B80002F8968 /* Assets.xcassets */,
				4F4DD465232E9B80002F8968 /* Main.storyboard */,
				4F4DD468232E9B80002F8968 /* Info.plist */,
				4F4DD469232E9B80002F8968 /* ModulePods.entitlements */,
				4F4DD477232F02E6002F8968 /* README.md */,
			);
			path = ModulePods;
			sourceTree = "<group>";
		};
		4F866096232FE90D004F5955 /* Scripts */ = {
			isa = PBXGroup;
			children = (
				4F4DD471232EDF2B002F8968 /* find_projects.command */,
				4F4DD481232F76C0002F8968 /* delete_derived_data.command */,
				4F866098232FEABB004F5955 /* delete_pods_folder.command */,
				4F4DD473232EE744002F8968 /* pod_install.command */,
				4F86609E2330471F004F5955 /* pod_update.command */,
			);
			path = Scripts;
			sourceTree = "<group>";
		};
		4F866097232FE91D004F5955 /* Core */ = {
			isa = PBXGroup;
			children = (
				4F4DD479232F6650002F8968 /* Shell.swift */,
				4F4DD47B232F72A1002F8968 /* MenuBuilder.swift */,
				4F8660A02330505A004F5955 /* StatusItemManager.swift */,
				4F86609C23304472004F5955 /* CommandResultHandler.swift */,
				4F4DD47F232F7445002F8968 /* ActionPerformer.swift */,
				4F4DD47D232F7308002F8968 /* Logger.swift */,
				4F86609A232FF542004F5955 /* Types.swift */,
			);
			path = Core;
			sourceTree = "<group>";
		};
/* End PBXGroup section */

/* Begin PBXNativeTarget section */
		4F4DD45B232E9B7F002F8968 /* ModulePods */ = {
			isa = PBXNativeTarget;
			buildConfigurationList = 4F4DD46C232E9B80002F8968 /* Build configuration list for PBXNativeTarget "ModulePods" */;
			buildPhases = (
				4F4DD458232E9B7F002F8968 /* Sources */,
				4F4DD459232E9B7F002F8968 /* Frameworks */,
				4F4DD45A232E9B7F002F8968 /* Resources */,
			);
			buildRules = (
			);
			dependencies = (
			);
			name = ModulePods;
			productName = ModulePods;
			productReference = 4F4DD45C232E9B7F002F8968 /* ModulePods.app */;
			productType = "com.apple.product-type.application";
		};
/* End PBXNativeTarget section */

/* Begin PBXProject section */
		4F4DD454232E9B7F002F8968 /* Project object */ = {
			isa = PBXProject;
			attributes = {
				LastSwiftUpdateCheck = 1030;
				LastUpgradeCheck = 1030;
				ORGANIZATIONNAME = "Alberto De Bortoli";
				TargetAttributes = {
					4F4DD45B232E9B7F002F8968 = {
						CreatedOnToolsVersion = 10.3;
					};
				};
			};
			buildConfigurationList = 4F4DD457232E9B7F002F8968 /* Build configuration list for PBXProject "ModulePods" */;
			compatibilityVersion = "Xcode 9.3";
			developmentRegion = en;
			hasScannedForEncodings = 0;
			knownRegions = (
				en,
				Base,
			);
			mainGroup = 4F4DD453232E9B7F002F8968;
			productRefGroup = 4F4DD45D232E9B7F002F8968 /* Products */;
			projectDirPath = "";
			projectRoot = "";
			targets = (
				4F4DD45B232E9B7F002F8968 /* ModulePods */,
			);
		};
/* End PBXProject section */

/* Begin PBXResourcesBuildPhase section */
		4F4DD45A232E9B7F002F8968 /* Resources */ = {
			isa = PBXResourcesBuildPhase;
			buildActionMask = 2147483647;
			files = (
				4F4DD464232E9B80002F8968 /* Assets.xcassets in Resources */,
				4F4DD474232EE744002F8968 /* pod_install.command in Resources */,
				4F4DD482232F76C0002F8968 /* delete_derived_data.command in Resources */,
				4F4DD478232F02E6002F8968 /* README.md in Resources */,
				4F86609F2330471F004F5955 /* pod_update.command in Resources */,
				4F4DD467232E9B80002F8968 /* Main.storyboard in Resources */,
				4F4DD472232EDF94002F8968 /* find_projects.command in Resources */,
				4F866099232FEABB004F5955 /* delete_pods_folder.command in Resources */,
			);
			runOnlyForDeploymentPostprocessing = 0;
		};
/* End PBXResourcesBuildPhase section */

/* Begin PBXSourcesBuildPhase section */
		4F4DD458232E9B7F002F8968 /* Sources */ = {
			isa = PBXSourcesBuildPhase;
			buildActionMask = 2147483647;
			files = (
				4F4DD480232F7445002F8968 /* ActionPerformer.swift in Sources */,
				4F86609D23304472004F5955 /* CommandResultHandler.swift in Sources */,
				4F4DD47E232F7308002F8968 /* Logger.swift in Sources */,
				4F8660A12330505A004F5955 /* StatusItemManager.swift in Sources */,
				4F4DD47A232F6650002F8968 /* Shell.swift in Sources */,
				4F86609B232FF542004F5955 /* Types.swift in Sources */,
				4F4DD462232E9B7F002F8968 /* ViewController.swift in Sources */,
				4F4DD47C232F72A1002F8968 /* MenuBuilder.swift in Sources */,
				4F4DD460232E9B7F002F8968 /* AppDelegate.swift in Sources */,
			);
			runOnlyForDeploymentPostprocessing = 0;
		};
/* End PBXSourcesBuildPhase section */

/* Begin PBXVariantGroup section */
		4F4DD465232E9B80002F8968 /* Main.storyboard */ = {
			isa = PBXVariantGroup;
			children = (
				4F4DD466232E9B80002F8968 /* Base */,
			);
			name = Main.storyboard;
			sourceTree = "<group>";
		};
/* End PBXVariantGroup section */

/* Begin XCBuildConfiguration section */
		4F4DD46A232E9B80002F8968 /* Debug */ = {
			isa = XCBuildConfiguration;
			buildSettings = {
				ALWAYS_SEARCH_USER_PATHS = NO;
				CLANG_ANALYZER_NONNULL = YES;
				CLANG_ANALYZER_NUMBER_OBJECT_CONVERSION = YES_AGGRESSIVE;
				CLANG_CXX_LANGUAGE_STANDARD = "gnu++14";
				CLANG_CXX_LIBRARY = "libc++";
				CLANG_ENABLE_MODULES = YES;
				CLANG_ENABLE_OBJC_ARC = YES;
				CLANG_ENABLE_OBJC_WEAK = YES;
				CLANG_WARN_BLOCK_CAPTURE_AUTORELEASING = YES;
				CLANG_WARN_BOOL_CONVERSION = YES;
				CLANG_WARN_COMMA = YES;
				CLANG_WARN_CONSTANT_CONVERSION = YES;
				CLANG_WARN_DEPRECATED_OBJC_IMPLEMENTATIONS = YES;
				CLANG_WARN_DIRECT_OBJC_ISA_USAGE = YES_ERROR;
				CLANG_WARN_DOCUMENTATION_COMMENTS = YES;
				CLANG_WARN_EMPTY_BODY = YES;
				CLANG_WARN_ENUM_CONVERSION = YES;
				CLANG_WARN_INFINITE_RECURSION = YES;
				CLANG_WARN_INT_CONVERSION = YES;
				CLANG_WARN_NON_LITERAL_NULL_CONVERSION = YES;
				CLANG_WARN_OBJC_IMPLICIT_RETAIN_SELF = YES;
				CLANG_WARN_OBJC_LITERAL_CONVERSION = YES;
				CLANG_WARN_OBJC_ROOT_CLASS = YES_ERROR;
				CLANG_WARN_RANGE_LOOP_ANALYSIS = YES;
				CLANG_WARN_STRICT_PROTOTYPES = YES;
				CLANG_WARN_SUSPICIOUS_MOVE = YES;
				CLANG_WARN_UNGUARDED_AVAILABILITY = YES_AGGRESSIVE;
				CLANG_WARN_UNREACHABLE_CODE = YES;
				CLANG_WARN__DUPLICATE_METHOD_MATCH = YES;
				CODE_SIGN_IDENTITY = "Mac Developer";
				COPY_PHASE_STRIP = NO;
				DEBUG_INFORMATION_FORMAT = dwarf;
				ENABLE_STRICT_OBJC_MSGSEND = YES;
				ENABLE_TESTABILITY = YES;
				GCC_C_LANGUAGE_STANDARD = gnu11;
				GCC_DYNAMIC_NO_PIC = NO;
				GCC_NO_COMMON_BLOCKS = YES;
				GCC_OPTIMIZATION_LEVEL = 0;
				GCC_PREPROCESSOR_DEFINITIONS = (
					"DEBUG=1",
					"$(inherited)",
				);
				GCC_WARN_64_TO_32_BIT_CONVERSION = YES;
				GCC_WARN_ABOUT_RETURN_TYPE = YES_ERROR;
				GCC_WARN_UNDECLARED_SELECTOR = YES;
				GCC_WARN_UNINITIALIZED_AUTOS = YES_AGGRESSIVE;
				GCC_WARN_UNUSED_FUNCTION = YES;
				GCC_WARN_UNUSED_VARIABLE = YES;
				MACOSX_DEPLOYMENT_TARGET = 10.14;
				MTL_ENABLE_DEBUG_INFO = INCLUDE_SOURCE;
				MTL_FAST_MATH = YES;
				ONLY_ACTIVE_ARCH = YES;
				SDKROOT = macosx;
				SWIFT_ACTIVE_COMPILATION_CONDITIONS = DEBUG;
				SWIFT_OPTIMIZATION_LEVEL = "-Onone";
			};
			name = Debug;
		};
		4F4DD46B232E9B80002F8968 /* Release */ = {
			isa = XCBuildConfiguration;
			buildSettings = {
				ALWAYS_SEARCH_USER_PATHS = NO;
				CLANG_ANALYZER_NONNULL = YES;
				CLANG_ANALYZER_NUMBER_OBJECT_CONVERSION = YES_AGGRESSIVE;
				CLANG_CXX_LANGUAGE_STANDARD = "gnu++14";
				CLANG_CXX_LIBRARY = "libc++";
				CLANG_ENABLE_MODULES = YES;
				CLANG_ENABLE_OBJC_ARC = YES;
				CLANG_ENABLE_OBJC_WEAK = YES;
				CLANG_WARN_BLOCK_CAPTURE_AUTORELEASING = YES;
				CLANG_WARN_BOOL_CONVERSION = YES;
				CLANG_WARN_COMMA = YES;
				CLANG_WARN_CONSTANT_CONVERSION = YES;
				CLANG_WARN_DEPRECATED_OBJC_IMPLEMENTATIONS = YES;
				CLANG_WARN_DIRECT_OBJC_ISA_USAGE = YES_ERROR;
				CLANG_WARN_DOCUMENTATION_COMMENTS = YES;
				CLANG_WARN_EMPTY_BODY = YES;
				CLANG_WARN_ENUM_CONVERSION = YES;
				CLANG_WARN_INFINITE_RECURSION = YES;
				CLANG_WARN_INT_CONVERSION = YES;
				CLANG_WARN_NON_LITERAL_NULL_CONVERSION = YES;
				CLANG_WARN_OBJC_IMPLICIT_RETAIN_SELF = YES;
				CLANG_WARN_OBJC_LITERAL_CONVERSION = YES;
				CLANG_WARN_OBJC_ROOT_CLASS = YES_ERROR;
				CLANG_WARN_RANGE_LOOP_ANALYSIS = YES;
				CLANG_WARN_STRICT_PROTOTYPES = YES;
				CLANG_WARN_SUSPICIOUS_MOVE = YES;
				CLANG_WARN_UNGUARDED_AVAILABILITY = YES_AGGRESSIVE;
				CLANG_WARN_UNREACHABLE_CODE = YES;
				CLANG_WARN__DUPLICATE_METHOD_MATCH = YES;
				CODE_SIGN_IDENTITY = "Mac Developer";
				COPY_PHASE_STRIP = NO;
				DEBUG_INFORMATION_FORMAT = "dwarf-with-dsym";
				ENABLE_NS_ASSERTIONS = NO;
				ENABLE_STRICT_OBJC_MSGSEND = YES;
				GCC_C_LANGUAGE_STANDARD = gnu11;
				GCC_NO_COMMON_BLOCKS = YES;
				GCC_WARN_64_TO_32_BIT_CONVERSION = YES;
				GCC_WARN_ABOUT_RETURN_TYPE = YES_ERROR;
				GCC_WARN_UNDECLARED_SELECTOR = YES;
				GCC_WARN_UNINITIALIZED_AUTOS = YES_AGGRESSIVE;
				GCC_WARN_UNUSED_FUNCTION = YES;
				GCC_WARN_UNUSED_VARIABLE = YES;
				MACOSX_DEPLOYMENT_TARGET = 10.14;
				MTL_ENABLE_DEBUG_INFO = NO;
				MTL_FAST_MATH = YES;
				SDKROOT = macosx;
				SWIFT_COMPILATION_MODE = wholemodule;
				SWIFT_OPTIMIZATION_LEVEL = "-O";
			};
			name = Release;
		};
		4F4DD46D232E9B80002F8968 /* Debug */ = {
			isa = XCBuildConfiguration;
			buildSettings = {
				ASSETCATALOG_COMPILER_APPICON_NAME = AppIcon;
				CODE_SIGN_ENTITLEMENTS = ModulePods/ModulePods.entitlements;
				CODE_SIGN_STYLE = Automatic;
				COMBINE_HIDPI_IMAGES = YES;
				DEVELOPMENT_TEAM = ZQPG4YV673;
				INFOPLIST_FILE = ModulePods/Info.plist;
				LD_RUNPATH_SEARCH_PATHS = (
					"$(inherited)",
					"@executable_path/../Frameworks",
				);
				PRODUCT_BUNDLE_IDENTIFIER = com.albertodebortoli.ModulePods;
				PRODUCT_NAME = "$(TARGET_NAME)";
				SWIFT_VERSION = 5.0;
			};
			name = Debug;
		};
		4F4DD46E232E9B80002F8968 /* Release */ = {
			isa = XCBuildConfiguration;
			buildSettings = {
				ASSETCATALOG_COMPILER_APPICON_NAME = AppIcon;
				CODE_SIGN_ENTITLEMENTS = ModulePods/ModulePods.entitlements;
				CODE_SIGN_STYLE = Automatic;
				COMBINE_HIDPI_IMAGES = YES;
				DEVELOPMENT_TEAM = ZQPG4YV673;
				INFOPLIST_FILE = ModulePods/Info.plist;
				LD_RUNPATH_SEARCH_PATHS = (
					"$(inherited)",
					"@executable_path/../Frameworks",
				);
				PRODUCT_BUNDLE_IDENTIFIER = com.albertodebortoli.ModulePods;
				PRODUCT_NAME = "$(TARGET_NAME)";
				SWIFT_VERSION = 5.0;
			};
			name = Release;
		};
/* End XCBuildConfiguration section */

/* Begin XCConfigurationList section */
		4F4DD457232E9B7F002F8968 /* Build configuration list for PBXProject "ModulePods" */ = {
			isa = XCConfigurationList;
			buildConfigurations = (
				4F4DD46A232E9B80002F8968 /* Debug */,
				4F4DD46B232E9B80002F8968 /* Release */,
			);
			defaultConfigurationIsVisible = 0;
			defaultConfigurationName = Release;
		};
		4F4DD46C232E9B80002F8968 /* Build configuration list for PBXNativeTarget "ModulePods" */ = {
			isa = XCConfigurationList;
			buildConfigurations = (
				4F4DD46D232E9B80002F8968 /* Debug */,
				4F4DD46E232E9B80002F8968 /* Release */,
			);
			defaultConfigurationIsVisible = 0;
			defaultConfigurationName = Release;
		};
/* End XCConfigurationList section */
	};
	rootObject = 4F4DD454232E9B7F002F8968 /* Project object */;
}
